
Microsoft Visual Studio Solution File, Format Version 12.00
# Visual Studio Version 17
VisualStudioVersion = 17.4.33103.184
MinimumVisualStudioVersion = 10.0.40219.1
Project("{FAE04EC0-301F-11D3-BF4B-00C04F79EFBC}") = "Lesson_1_GIT", "Lesson_1_GIT.csproj", "{BF1FC005-F0EC-4AF6-ACCB-D76C3DC4411F}"
EndProject
Global
	GlobalSection(SolutionConfigurationPlatforms) = preSolution
		Debug|Any CPU = Debug|Any CPU
		Release|Any CPU = Release|Any CPU
	EndGlobalSection
	GlobalSection(ProjectConfigurationPlatforms) = postSolution
		{BF1FC005-F0EC-4AF6-ACCB-D76C3DC4411F}.Debug|Any CPU.ActiveCfg = Debug|Any CPU
		{BF1FC005-F0EC-4AF6-ACCB-D76C3DC4411F}.Debug|Any CPU.Build.0 = Debug|Any CPU
		{BF1FC005-F0EC-4AF6-ACCB-D76C3DC4411F}.Release|Any CPU.ActiveCfg = Release|Any CPU
		{BF1FC005-F0EC-4AF6-ACCB-D76C3DC4411F}.Release|Any CPU.Build.0 = Release|Any CPU
	EndGlobalSection
	GlobalSection(SolutionProperties) = preSolution
		HideSolutionNode = FALSE
	EndGlobalSection
	GlobalSection(ExtensibilityGlobals) = postSolution
		SolutionGuid = {21C05FE1-DE2D-49CB-A372-41E2BA0DEC39}
	EndGlobalSection
EndGlobal
